
Microsoft Visual Studio Solution File, Format Version 12.00
# Visual Studio Version 16
VisualStudioVersion = 16.0.29230.47
MinimumVisualStudioVersion = 10.0.40219.1
Project("{9A19103F-16F7-4668-BE54-9A1E7A4F7556}") = "MikhailKhalizev.Processor.x86", "MikhailKhalizev.Processor.x86\MikhailKhalizev.Processor.x86.csproj", "{44EF46BE-9C1F-49EF-BF08-5574EE4A576B}"
EndProject
Project("{9A19103F-16F7-4668-BE54-9A1E7A4F7556}") = "MikhailKhalizev.Processor.x86.Tests", "MikhailKhalizev.Processor.x86.Tests\MikhailKhalizev.Processor.x86.Tests.csproj", "{DA3E5D4C-AEEA-40E0-B90F-C3CBD9B81324}"
EndProject
Project("{9A19103F-16F7-4668-BE54-9A1E7A4F7556}") = "MikhailKhalizev.Max", "MikhailKhalizev.Max\MikhailKhalizev.Max.csproj", "{71252369-CDCF-4157-BF65-42401E4E5CB9}"
EndProject
Project("{2150E333-8FDC-42A3-9474-1A3956D46DE8}") = "Solution Items", "Solution Items", "{A194DC10-B7F1-402B-A607-D2799CB22740}"
	ProjectSection(SolutionItems) = preProject
		..\README.md = ..\README.md
		..\README.ru.md = ..\README.ru.md
	EndProjectSection
EndProject
Project("{2150E333-8FDC-42A3-9474-1A3956D46DE8}") = "external", "external", "{4B31A797-375A-4E66-B6AB-26224AFDC743}"
EndProject
Project("{9A19103F-16F7-4668-BE54-9A1E7A4F7556}") = "Sandwych.QuickGraph.Core", "..\external\QuickGraph\Sandwych.QuickGraph.Core\Sandwych.QuickGraph.Core.csproj", "{3DF6B434-0B87-4222-87D2-E964F26C72AA}"
EndProject
Project("{9A19103F-16F7-4668-BE54-9A1E7A4F7556}") = "Sandwych.QuickGraph.Graphviz", "..\external\QuickGraph\Sandwych.QuickGraph.Graphviz\Sandwych.QuickGraph.Graphviz.csproj", "{C2768F03-D38E-4216-83C2-E2B8B2970157}"
EndProject
Project("{9A19103F-16F7-4668-BE54-9A1E7A4F7556}") = "MikhailKhalizev.Max.Static", "MikhailKhalizev.Max.Static\MikhailKhalizev.Max.Static.csproj", "{2C3F951B-1EED-4A7F-8FF2-7BE797840FA0}"
EndProject
Global
	GlobalSection(SolutionConfigurationPlatforms) = preSolution
		Debug|Any CPU = Debug|Any CPU
		Release|Any CPU = Release|Any CPU
	EndGlobalSection
	GlobalSection(ProjectConfigurationPlatforms) = postSolution
		{44EF46BE-9C1F-49EF-BF08-5574EE4A576B}.Debug|Any CPU.ActiveCfg = Debug|Any CPU
		{44EF46BE-9C1F-49EF-BF08-5574EE4A576B}.Debug|Any CPU.Build.0 = Debug|Any CPU
		{44EF46BE-9C1F-49EF-BF08-5574EE4A576B}.Release|Any CPU.ActiveCfg = Release|Any CPU
		{44EF46BE-9C1F-49EF-BF08-5574EE4A576B}.Release|Any CPU.Build.0 = Release|Any CPU
		{DA3E5D4C-AEEA-40E0-B90F-C3CBD9B81324}.Debug|Any CPU.ActiveCfg = Debug|Any CPU
		{DA3E5D4C-AEEA-40E0-B90F-C3CBD9B81324}.Debug|Any CPU.Build.0 = Debug|Any CPU
		{DA3E5D4C-AEEA-40E0-B90F-C3CBD9B81324}.Release|Any CPU.ActiveCfg = Release|Any CPU
		{DA3E5D4C-AEEA-40E0-B90F-C3CBD9B81324}.Release|Any CPU.Build.0 = Release|Any CPU
		{71252369-CDCF-4157-BF65-42401E4E5CB9}.Debug|Any CPU.ActiveCfg = Debug|Any CPU
		{71252369-CDCF-4157-BF65-42401E4E5CB9}.Debug|Any CPU.Build.0 = Debug|Any CPU
		{71252369-CDCF-4157-BF65-42401E4E5CB9}.Release|Any CPU.ActiveCfg = Release|Any CPU
		{71252369-CDCF-4157-BF65-42401E4E5CB9}.Release|Any CPU.Build.0 = Release|Any CPU
		{3DF6B434-0B87-4222-87D2-E964F26C72AA}.Debug|Any CPU.ActiveCfg = Debug|Any CPU
		{3DF6B434-0B87-4222-87D2-E964F26C72AA}.Debug|Any CPU.Build.0 = Debug|Any CPU
		{3DF6B434-0B87-4222-87D2-E964F26C72AA}.Release|Any CPU.ActiveCfg = Release|Any CPU
		{3DF6B434-0B87-4222-87D2-E964F26C72AA}.Release|Any CPU.Build.0 = Release|Any CPU
		{C2768F03-D38E-4216-83C2-E2B8B2970157}.Debug|Any CPU.ActiveCfg = Debug|Any CPU
		{C2768F03-D38E-4216-83C2-E2B8B2970157}.Debug|Any CPU.Build.0 = Debug|Any CPU
		{C2768F03-D38E-4216-83C2-E2B8B2970157}.Release|Any CPU.ActiveCfg = Release|Any CPU
		{C2768F03-D38E-4216-83C2-E2B8B2970157}.Release|Any CPU.Build.0 = Release|Any CPU
		{2C3F951B-1EED-4A7F-8FF2-7BE797840FA0}.Debug|Any CPU.ActiveCfg = Debug|Any CPU
		{2C3F951B-1EED-4A7F-8FF2-7BE797840FA0}.Debug|Any CPU.Build.0 = Debug|Any CPU
		{2C3F951B-1EED-4A7F-8FF2-7BE797840FA0}.Release|Any CPU.ActiveCfg = Release|Any CPU
		{2C3F951B-1EED-4A7F-8FF2-7BE797840FA0}.Release|Any CPU.Build.0 = Release|Any CPU
	EndGlobalSection
	GlobalSection(SolutionProperties) = preSolution
		HideSolutionNode = FALSE
	EndGlobalSection
	GlobalSection(NestedProjects) = preSolution
		{3DF6B434-0B87-4222-87D2-E964F26C72AA} = {4B31A797-375A-4E66-B6AB-26224AFDC743}
		{C2768F03-D38E-4216-83C2-E2B8B2970157} = {4B31A797-375A-4E66-B6AB-26224AFDC743}
	EndGlobalSection
	GlobalSection(ExtensibilityGlobals) = postSolution
		SolutionGuid = {D740980D-0938-4102-8647-85E6FE320B83}
	EndGlobalSection
EndGlobal
