
Microsoft Visual Studio Solution File, Format Version 12.00
# Visual Studio 15
VisualStudioVersion = 15.0.26430.16
MinimumVisualStudioVersion = 10.0.40219.1
Project("{9A19103F-16F7-4668-BE54-9A1E7A4F7556}") = "MikhailKhalizev.Processor.x86", "MikhailKhalizev.Processor.x86\MikhailKhalizev.Processor.x86.csproj", "{44EF46BE-9C1F-49EF-BF08-5574EE4A576B}"
EndProject
Project("{9A19103F-16F7-4668-BE54-9A1E7A4F7556}") = "MikhailKhalizev.Processor.x86.Tests", "MikhailKhalizev.Processor.x86.Tests\MikhailKhalizev.Processor.x86.Tests.csproj", "{DA3E5D4C-AEEA-40E0-B90F-C3CBD9B81324}"
EndProject
Project("{9A19103F-16F7-4668-BE54-9A1E7A4F7556}") = "MikhailKhalizev.Utils", "MikhailKhalizev.Utils\MikhailKhalizev.Utils.csproj", "{B1E55685-6F01-4DB6-963E-967AA51ED78B}"
EndProject
Project("{9A19103F-16F7-4668-BE54-9A1E7A4F7556}") = "MikhailKhalizev.Max", "MikhailKhalizev.Max\MikhailKhalizev.Max.csproj", "{71252369-CDCF-4157-BF65-42401E4E5CB9}"
EndProject
Project("{9A19103F-16F7-4668-BE54-9A1E7A4F7556}") = "MikhailKhalizev.Utils.Tests", "MikhailKhalizev.Utils.Tests\MikhailKhalizev.Utils.Tests.csproj", "{0114FFF5-AAD7-4974-A767-84FE9DCC85C1}"
EndProject
Project("{2150E333-8FDC-42A3-9474-1A3956D46DE8}") = "External", "External", "{8EC71C3A-3608-4CEB-9693-881AF2117AAB}"
EndProject
Project("{9A19103F-16F7-4668-BE54-9A1E7A4F7556}") = "SharpDisasm", "..\external\SharpDisasm\SharpDisasm.csproj", "{4E0D4E02-0982-4399-A36C-68B75DF8662D}"
EndProject
Project("{2150E333-8FDC-42A3-9474-1A3956D46DE8}") = "Solution Items", "Solution Items", "{A194DC10-B7F1-402B-A607-D2799CB22740}"
	ProjectSection(SolutionItems) = preProject
		..\README.md = ..\README.md
	EndProjectSection
EndProject
Global
	GlobalSection(SolutionConfigurationPlatforms) = preSolution
		Debug|Any CPU = Debug|Any CPU
		Release|Any CPU = Release|Any CPU
	EndGlobalSection
	GlobalSection(ProjectConfigurationPlatforms) = postSolution
		{44EF46BE-9C1F-49EF-BF08-5574EE4A576B}.Debug|Any CPU.ActiveCfg = Debug|Any CPU
		{44EF46BE-9C1F-49EF-BF08-5574EE4A576B}.Debug|Any CPU.Build.0 = Debug|Any CPU
		{44EF46BE-9C1F-49EF-BF08-5574EE4A576B}.Release|Any CPU.ActiveCfg = Release|Any CPU
		{44EF46BE-9C1F-49EF-BF08-5574EE4A576B}.Release|Any CPU.Build.0 = Release|Any CPU
		{DA3E5D4C-AEEA-40E0-B90F-C3CBD9B81324}.Debug|Any CPU.ActiveCfg = Debug|Any CPU
		{DA3E5D4C-AEEA-40E0-B90F-C3CBD9B81324}.Debug|Any CPU.Build.0 = Debug|Any CPU
		{DA3E5D4C-AEEA-40E0-B90F-C3CBD9B81324}.Release|Any CPU.ActiveCfg = Release|Any CPU
		{DA3E5D4C-AEEA-40E0-B90F-C3CBD9B81324}.Release|Any CPU.Build.0 = Release|Any CPU
		{B1E55685-6F01-4DB6-963E-967AA51ED78B}.Debug|Any CPU.ActiveCfg = Debug|Any CPU
		{B1E55685-6F01-4DB6-963E-967AA51ED78B}.Debug|Any CPU.Build.0 = Debug|Any CPU
		{B1E55685-6F01-4DB6-963E-967AA51ED78B}.Release|Any CPU.ActiveCfg = Release|Any CPU
		{B1E55685-6F01-4DB6-963E-967AA51ED78B}.Release|Any CPU.Build.0 = Release|Any CPU
		{71252369-CDCF-4157-BF65-42401E4E5CB9}.Debug|Any CPU.ActiveCfg = Debug|Any CPU
		{71252369-CDCF-4157-BF65-42401E4E5CB9}.Debug|Any CPU.Build.0 = Debug|Any CPU
		{71252369-CDCF-4157-BF65-42401E4E5CB9}.Release|Any CPU.ActiveCfg = Release|Any CPU
		{71252369-CDCF-4157-BF65-42401E4E5CB9}.Release|Any CPU.Build.0 = Release|Any CPU
		{0114FFF5-AAD7-4974-A767-84FE9DCC85C1}.Debug|Any CPU.ActiveCfg = Debug|Any CPU
		{0114FFF5-AAD7-4974-A767-84FE9DCC85C1}.Debug|Any CPU.Build.0 = Debug|Any CPU
		{0114FFF5-AAD7-4974-A767-84FE9DCC85C1}.Release|Any CPU.ActiveCfg = Release|Any CPU
		{0114FFF5-AAD7-4974-A767-84FE9DCC85C1}.Release|Any CPU.Build.0 = Release|Any CPU
		{4E0D4E02-0982-4399-A36C-68B75DF8662D}.Debug|Any CPU.ActiveCfg = Debug|Any CPU
		{4E0D4E02-0982-4399-A36C-68B75DF8662D}.Debug|Any CPU.Build.0 = Debug|Any CPU
		{4E0D4E02-0982-4399-A36C-68B75DF8662D}.Release|Any CPU.ActiveCfg = Release|Any CPU
		{4E0D4E02-0982-4399-A36C-68B75DF8662D}.Release|Any CPU.Build.0 = Release|Any CPU
	EndGlobalSection
	GlobalSection(SolutionProperties) = preSolution
		HideSolutionNode = FALSE
	EndGlobalSection
	GlobalSection(NestedProjects) = preSolution
		{4E0D4E02-0982-4399-A36C-68B75DF8662D} = {8EC71C3A-3608-4CEB-9693-881AF2117AAB}
	EndGlobalSection
	GlobalSection(ExtensibilityGlobals) = postSolution
		SolutionGuid = {D740980D-0938-4102-8647-85E6FE320B83}
	EndGlobalSection
EndGlobal
